// !$*UTF8*$!
{
	archiveVersion = 1;
	classes = {
	};
	objectVersion = 55;
	objects = {

/* Begin PBXBuildFile section */
		B16F1B3827E6711A00AC1761 /* Tests_iOS.swift in Sources */ = {isa = PBXBuildFile; fileRef = B16F1B3727E6711A00AC1761 /* Tests_iOS.swift */; };
		B16F1B3A27E6711A00AC1761 /* Tests_iOSLaunchTests.swift in Sources */ = {isa = PBXBuildFile; fileRef = B16F1B3927E6711A00AC1761 /* Tests_iOSLaunchTests.swift */; };
		B16F1B4427E6711A00AC1761 /* Tests_macOS.swift in Sources */ = {isa = PBXBuildFile; fileRef = B16F1B4327E6711A00AC1761 /* Tests_macOS.swift */; };
		B16F1B4627E6711A00AC1761 /* Tests_macOSLaunchTests.swift in Sources */ = {isa = PBXBuildFile; fileRef = B16F1B4527E6711A00AC1761 /* Tests_macOSLaunchTests.swift */; };
		B16F1B4727E6711A00AC1761 /* Schrodinger_MatrixFormApp.swift in Sources */ = {isa = PBXBuildFile; fileRef = B16F1B1F27E6711500AC1761 /* Schrodinger_MatrixFormApp.swift */; };
		B16F1B4827E6711A00AC1761 /* Schrodinger_MatrixFormApp.swift in Sources */ = {isa = PBXBuildFile; fileRef = B16F1B1F27E6711500AC1761 /* Schrodinger_MatrixFormApp.swift */; };
		B16F1B4B27E6711A00AC1761 /* Assets.xcassets in Resources */ = {isa = PBXBuildFile; fileRef = B16F1B2127E6711A00AC1761 /* Assets.xcassets */; };
		B16F1B4C27E6711A00AC1761 /* Assets.xcassets in Resources */ = {isa = PBXBuildFile; fileRef = B16F1B2127E6711A00AC1761 /* Assets.xcassets */; };
		B16F1B8127E671DF00AC1761 /* CorePlot in Frameworks */ = {isa = PBXBuildFile; productRef = B16F1B8027E671DF00AC1761 /* CorePlot */; };
		B16F1B8427E6720A00AC1761 /* CorePlot in Frameworks */ = {isa = PBXBuildFile; productRef = B16F1B8327E6720A00AC1761 /* CorePlot */; };
		B175FBAA27E7F2A400795438 /* TextView.swift in Sources */ = {isa = PBXBuildFile; fileRef = B175FBA927E7F2A400795438 /* TextView.swift */; };
		B175FBAB27E7F2A400795438 /* TextView.swift in Sources */ = {isa = PBXBuildFile; fileRef = B175FBA927E7F2A400795438 /* TextView.swift */; };
		B175FBAD27E7F2AD00795438 /* TextExportDocument.swift in Sources */ = {isa = PBXBuildFile; fileRef = B175FBAC27E7F2AD00795438 /* TextExportDocument.swift */; };
		B175FBAE27E7F2AD00795438 /* TextExportDocument.swift in Sources */ = {isa = PBXBuildFile; fileRef = B175FBAC27E7F2AD00795438 /* TextExportDocument.swift */; };
		B175FBB027E7F2C400795438 /* CalculatePlotData.swift in Sources */ = {isa = PBXBuildFile; fileRef = B175FBAF27E7F2C400795438 /* CalculatePlotData.swift */; };
		B175FBB127E7F2C400795438 /* CalculatePlotData.swift in Sources */ = {isa = PBXBuildFile; fileRef = B175FBAF27E7F2C400795438 /* CalculatePlotData.swift */; };
		B175FBB327E7F2E000795438 /* ChangingPlotParameters.swift in Sources */ = {isa = PBXBuildFile; fileRef = B175FBB227E7F2E000795438 /* ChangingPlotParameters.swift */; };
		B175FBB427E7F2E000795438 /* ChangingPlotParameters.swift in Sources */ = {isa = PBXBuildFile; fileRef = B175FBB227E7F2E000795438 /* ChangingPlotParameters.swift */; };
		B175FBB627E7F2EA00795438 /* ContentView.swift in Sources */ = {isa = PBXBuildFile; fileRef = B175FBB527E7F2EA00795438 /* ContentView.swift */; };
		B175FBB727E7F2EA00795438 /* ContentView.swift in Sources */ = {isa = PBXBuildFile; fileRef = B175FBB527E7F2EA00795438 /* ContentView.swift */; };
		B175FBB927E7F2F500795438 /* InfiniteSquarePotential.swift in Sources */ = {isa = PBXBuildFile; fileRef = B175FBB827E7F2F400795438 /* InfiniteSquarePotential.swift */; };
		B175FBBA27E7F2F500795438 /* InfiniteSquarePotential.swift in Sources */ = {isa = PBXBuildFile; fileRef = B175FBB827E7F2F400795438 /* InfiniteSquarePotential.swift */; };
		B175FBBC27E7F2FF00795438 /* MatrixCalculate.swift in Sources */ = {isa = PBXBuildFile; fileRef = B175FBBB27E7F2FF00795438 /* MatrixCalculate.swift */; };
		B175FBBD27E7F2FF00795438 /* MatrixCalculate.swift in Sources */ = {isa = PBXBuildFile; fileRef = B175FBBB27E7F2FF00795438 /* MatrixCalculate.swift */; };
		B175FBBF27E7F30800795438 /* operators.swift in Sources */ = {isa = PBXBuildFile; fileRef = B175FBBE27E7F30800795438 /* operators.swift */; };
		B175FBC027E7F30800795438 /* operators.swift in Sources */ = {isa = PBXBuildFile; fileRef = B175FBBE27E7F30800795438 /* operators.swift */; };
		B175FBC227E7F31D00795438 /* Shrodinger Equation.swift in Sources */ = {isa = PBXBuildFile; fileRef = B175FBC127E7F31C00795438 /* Shrodinger Equation.swift */; };
		B175FBC327E7F31D00795438 /* Shrodinger Equation.swift in Sources */ = {isa = PBXBuildFile; fileRef = B175FBC127E7F31C00795438 /* Shrodinger Equation.swift */; };
		B175FBC527E7F32C00795438 /* PlotDataClass.swift in Sources */ = {isa = PBXBuildFile; fileRef = B175FBC427E7F32C00795438 /* PlotDataClass.swift */; };
		B175FBC627E7F32C00795438 /* PlotDataClass.swift in Sources */ = {isa = PBXBuildFile; fileRef = B175FBC427E7F32C00795438 /* PlotDataClass.swift */; };
		B175FBC827E7F33B00795438 /* CorePlot.swift in Sources */ = {isa = PBXBuildFile; fileRef = B175FBC727E7F33A00795438 /* CorePlot.swift */; };
		B175FBC927E7F33B00795438 /* CorePlot.swift in Sources */ = {isa = PBXBuildFile; fileRef = B175FBC727E7F33A00795438 /* CorePlot.swift */; };
/* End PBXBuildFile section */

/* Begin PBXContainerItemProxy section */
		B16F1B3427E6711A00AC1761 /* PBXContainerItemProxy */ = {
			isa = PBXContainerItemProxy;
			containerPortal = B16F1B1A27E6711500AC1761 /* Project object */;
			proxyType = 1;
			remoteGlobalIDString = B16F1B2527E6711A00AC1761;
			remoteInfo = "Schrodinger_MatrixForm (iOS)";
		};
		B16F1B4027E6711A00AC1761 /* PBXContainerItemProxy */ = {
			isa = PBXContainerItemProxy;
			containerPortal = B16F1B1A27E6711500AC1761 /* Project object */;
			proxyType = 1;
			remoteGlobalIDString = B16F1B2B27E6711A00AC1761;
			remoteInfo = "Schrodinger_MatrixForm (macOS)";
		};
/* End PBXContainerItemProxy section */

/* Begin PBXFileReference section */
		B16F1B1F27E6711500AC1761 /* Schrodinger_MatrixFormApp.swift */ = {isa = PBXFileReference; lastKnownFileType = sourcecode.swift; path = Schrodinger_MatrixFormApp.swift; sourceTree = "<group>"; };
		B16F1B2127E6711A00AC1761 /* Assets.xcassets */ = {isa = PBXFileReference; lastKnownFileType = folder.assetcatalog; path = Assets.xcassets; sourceTree = "<group>"; };
		B16F1B2627E6711A00AC1761 /* Schrodinger_MatrixForm.app */ = {isa = PBXFileReference; explicitFileType = wrapper.application; includeInIndex = 0; path = Schrodinger_MatrixForm.app; sourceTree = BUILT_PRODUCTS_DIR; };
		B16F1B2C27E6711A00AC1761 /* Schrodinger_MatrixForm.app */ = {isa = PBXFileReference; explicitFileType = wrapper.application; includeInIndex = 0; path = Schrodinger_MatrixForm.app; sourceTree = BUILT_PRODUCTS_DIR; };
		B16F1B2E27E6711A00AC1761 /* macOS.entitlements */ = {isa = PBXFileReference; lastKnownFileType = text.plist.entitlements; path = macOS.entitlements; sourceTree = "<group>"; };
		B16F1B3327E6711A00AC1761 /* Tests iOS.xctest */ = {isa = PBXFileReference; explicitFileType = wrapper.cfbundle; includeInIndex = 0; path = "Tests iOS.xctest"; sourceTree = BUILT_PRODUCTS_DIR; };
		B16F1B3727E6711A00AC1761 /* Tests_iOS.swift */ = {isa = PBXFileReference; lastKnownFileType = sourcecode.swift; path = Tests_iOS.swift; sourceTree = "<group>"; };
		B16F1B3927E6711A00AC1761 /* Tests_iOSLaunchTests.swift */ = {isa = PBXFileReference; lastKnownFileType = sourcecode.swift; path = Tests_iOSLaunchTests.swift; sourceTree = "<group>"; };
		B16F1B3F27E6711A00AC1761 /* Tests macOS.xctest */ = {isa = PBXFileReference; explicitFileType = wrapper.cfbundle; includeInIndex = 0; path = "Tests macOS.xctest"; sourceTree = BUILT_PRODUCTS_DIR; };
		B16F1B4327E6711A00AC1761 /* Tests_macOS.swift */ = {isa = PBXFileReference; lastKnownFileType = sourcecode.swift; path = Tests_macOS.swift; sourceTree = "<group>"; };
		B16F1B4527E6711A00AC1761 /* Tests_macOSLaunchTests.swift */ = {isa = PBXFileReference; lastKnownFileType = sourcecode.swift; path = Tests_macOSLaunchTests.swift; sourceTree = "<group>"; };
		B175FBA927E7F2A400795438 /* TextView.swift */ = {isa = PBXFileReference; fileEncoding = 4; lastKnownFileType = sourcecode.swift; path = TextView.swift; sourceTree = "<group>"; };
		B175FBAC27E7F2AD00795438 /* TextExportDocument.swift */ = {isa = PBXFileReference; fileEncoding = 4; lastKnownFileType = sourcecode.swift; path = TextExportDocument.swift; sourceTree = "<group>"; };
		B175FBAF27E7F2C400795438 /* CalculatePlotData.swift */ = {isa = PBXFileReference; fileEncoding = 4; lastKnownFileType = sourcecode.swift; path = CalculatePlotData.swift; sourceTree = "<group>"; };
		B175FBB227E7F2E000795438 /* ChangingPlotParameters.swift */ = {isa = PBXFileReference; fileEncoding = 4; lastKnownFileType = sourcecode.swift; path = ChangingPlotParameters.swift; sourceTree = "<group>"; };
		B175FBB527E7F2EA00795438 /* ContentView.swift */ = {isa = PBXFileReference; fileEncoding = 4; lastKnownFileType = sourcecode.swift; path = ContentView.swift; sourceTree = "<group>"; };
		B175FBB827E7F2F400795438 /* InfiniteSquarePotential.swift */ = {isa = PBXFileReference; fileEncoding = 4; lastKnownFileType = sourcecode.swift; path = InfiniteSquarePotential.swift; sourceTree = "<group>"; };
		B175FBBB27E7F2FF00795438 /* MatrixCalculate.swift */ = {isa = PBXFileReference; fileEncoding = 4; lastKnownFileType = sourcecode.swift; path = MatrixCalculate.swift; sourceTree = "<group>"; };
		B175FBBE27E7F30800795438 /* operators.swift */ = {isa = PBXFileReference; fileEncoding = 4; lastKnownFileType = sourcecode.swift; path = operators.swift; sourceTree = "<group>"; };
		B175FBC127E7F31C00795438 /* Shrodinger Equation.swift */ = {isa = PBXFileReference; fileEncoding = 4; lastKnownFileType = sourcecode.swift; path = "Shrodinger Equation.swift"; sourceTree = "<group>"; };
		B175FBC427E7F32C00795438 /* PlotDataClass.swift */ = {isa = PBXFileReference; fileEncoding = 4; lastKnownFileType = sourcecode.swift; path = PlotDataClass.swift; sourceTree = "<group>"; };
		B175FBC727E7F33A00795438 /* CorePlot.swift */ = {isa = PBXFileReference; fileEncoding = 4; lastKnownFileType = sourcecode.swift; path = CorePlot.swift; sourceTree = "<group>"; };
/* End PBXFileReference section */

/* Begin PBXFrameworksBuildPhase section */
		B16F1B2327E6711A00AC1761 /* Frameworks */ = {
			isa = PBXFrameworksBuildPhase;
			buildActionMask = 2147483647;
			files = (
				B16F1B8127E671DF00AC1761 /* CorePlot in Frameworks */,
			);
			runOnlyForDeploymentPostprocessing = 0;
		};
		B16F1B2927E6711A00AC1761 /* Frameworks */ = {
			isa = PBXFrameworksBuildPhase;
			buildActionMask = 2147483647;
			files = (
				B16F1B8427E6720A00AC1761 /* CorePlot in Frameworks */,
			);
			runOnlyForDeploymentPostprocessing = 0;
		};
		B16F1B3027E6711A00AC1761 /* Frameworks */ = {
			isa = PBXFrameworksBuildPhase;
			buildActionMask = 2147483647;
			files = (
			);
			runOnlyForDeploymentPostprocessing = 0;
		};
		B16F1B3C27E6711A00AC1761 /* Frameworks */ = {
			isa = PBXFrameworksBuildPhase;
			buildActionMask = 2147483647;
			files = (
			);
			runOnlyForDeploymentPostprocessing = 0;
		};
/* End PBXFrameworksBuildPhase section */

/* Begin PBXGroup section */
		B16F1B1927E6711500AC1761 = {
			isa = PBXGroup;
			children = (
				B16F1B1E27E6711500AC1761 /* Shared */,
				B16F1B2D27E6711A00AC1761 /* macOS */,
				B16F1B3627E6711A00AC1761 /* Tests iOS */,
				B16F1B4227E6711A00AC1761 /* Tests macOS */,
				B16F1B2727E6711A00AC1761 /* Products */,
				B16F1B8227E6720A00AC1761 /* Frameworks */,
			);
			sourceTree = "<group>";
		};
		B16F1B1E27E6711500AC1761 /* Shared */ = {
			isa = PBXGroup;
			children = (
				B16F1B1F27E6711500AC1761 /* Schrodinger_MatrixFormApp.swift */,
				B175FBB527E7F2EA00795438 /* ContentView.swift */,
				B175FBAF27E7F2C400795438 /* CalculatePlotData.swift */,
				B175FBBB27E7F2FF00795438 /* MatrixCalculate.swift */,
				B175FBB827E7F2F400795438 /* InfiniteSquarePotential.swift */,
				B175FBA927E7F2A400795438 /* TextView.swift */,
				B175FBAC27E7F2AD00795438 /* TextExportDocument.swift */,
				B175FBBE27E7F30800795438 /* operators.swift */,
				B175FBB227E7F2E000795438 /* ChangingPlotParameters.swift */,
				B175FBC127E7F31C00795438 /* Shrodinger Equation.swift */,
				B175FBC727E7F33A00795438 /* CorePlot.swift */,
				B175FBC427E7F32C00795438 /* PlotDataClass.swift */,
				B16F1B2127E6711A00AC1761 /* Assets.xcassets */,
			);
			path = Shared;
			sourceTree = "<group>";
		};
		B16F1B2727E6711A00AC1761 /* Products */ = {
			isa = PBXGroup;
			children = (
				B16F1B2627E6711A00AC1761 /* Schrodinger_MatrixForm.app */,
				B16F1B2C27E6711A00AC1761 /* Schrodinger_MatrixForm.app */,
				B16F1B3327E6711A00AC1761 /* Tests iOS.xctest */,
				B16F1B3F27E6711A00AC1761 /* Tests macOS.xctest */,
			);
			name = Products;
			sourceTree = "<group>";
		};
		B16F1B2D27E6711A00AC1761 /* macOS */ = {
			isa = PBXGroup;
			children = (
				B16F1B2E27E6711A00AC1761 /* macOS.entitlements */,
			);
			path = macOS;
			sourceTree = "<group>";
		};
		B16F1B3627E6711A00AC1761 /* Tests iOS */ = {
			isa = PBXGroup;
			children = (
				B16F1B3727E6711A00AC1761 /* Tests_iOS.swift */,
				B16F1B3927E6711A00AC1761 /* Tests_iOSLaunchTests.swift */,
			);
			path = "Tests iOS";
			sourceTree = "<group>";
		};
		B16F1B4227E6711A00AC1761 /* Tests macOS */ = {
			isa = PBXGroup;
			children = (
				B16F1B4327E6711A00AC1761 /* Tests_macOS.swift */,
				B16F1B4527E6711A00AC1761 /* Tests_macOSLaunchTests.swift */,
			);
			path = "Tests macOS";
			sourceTree = "<group>";
		};
		B16F1B8227E6720A00AC1761 /* Frameworks */ = {
			isa = PBXGroup;
			children = (
			);
			name = Frameworks;
			sourceTree = "<group>";
		};
/* End PBXGroup section */

/* Begin PBXNativeTarget section */
		B16F1B2527E6711A00AC1761 /* Schrodinger_MatrixForm (iOS) */ = {
			isa = PBXNativeTarget;
			buildConfigurationList = B16F1B4F27E6711A00AC1761 /* Build configuration list for PBXNativeTarget "Schrodinger_MatrixForm (iOS)" */;
			buildPhases = (
				B16F1B2227E6711A00AC1761 /* Sources */,
				B16F1B2327E6711A00AC1761 /* Frameworks */,
				B16F1B2427E6711A00AC1761 /* Resources */,
			);
			buildRules = (
			);
			dependencies = (
			);
			name = "Schrodinger_MatrixForm (iOS)";
			packageProductDependencies = (
				B16F1B8027E671DF00AC1761 /* CorePlot */,
			);
			productName = "Schrodinger_MatrixForm (iOS)";
			productReference = B16F1B2627E6711A00AC1761 /* Schrodinger_MatrixForm.app */;
			productType = "com.apple.product-type.application";
		};
		B16F1B2B27E6711A00AC1761 /* Schrodinger_MatrixForm (macOS) */ = {
			isa = PBXNativeTarget;
			buildConfigurationList = B16F1B5227E6711A00AC1761 /* Build configuration list for PBXNativeTarget "Schrodinger_MatrixForm (macOS)" */;
			buildPhases = (
				B16F1B2827E6711A00AC1761 /* Sources */,
				B16F1B2927E6711A00AC1761 /* Frameworks */,
				B16F1B2A27E6711A00AC1761 /* Resources */,
			);
			buildRules = (
			);
			dependencies = (
			);
			name = "Schrodinger_MatrixForm (macOS)";
			packageProductDependencies = (
				B16F1B8327E6720A00AC1761 /* CorePlot */,
			);
			productName = "Schrodinger_MatrixForm (macOS)";
			productReference = B16F1B2C27E6711A00AC1761 /* Schrodinger_MatrixForm.app */;
			productType = "com.apple.product-type.application";
		};
		B16F1B3227E6711A00AC1761 /* Tests iOS */ = {
			isa = PBXNativeTarget;
			buildConfigurationList = B16F1B5527E6711A00AC1761 /* Build configuration list for PBXNativeTarget "Tests iOS" */;
			buildPhases = (
				B16F1B2F27E6711A00AC1761 /* Sources */,
				B16F1B3027E6711A00AC1761 /* Frameworks */,
				B16F1B3127E6711A00AC1761 /* Resources */,
			);
			buildRules = (
			);
			dependencies = (
				B16F1B3527E6711A00AC1761 /* PBXTargetDependency */,
			);
			name = "Tests iOS";
			productName = "Tests iOS";
			productReference = B16F1B3327E6711A00AC1761 /* Tests iOS.xctest */;
			productType = "com.apple.product-type.bundle.ui-testing";
		};
		B16F1B3E27E6711A00AC1761 /* Tests macOS */ = {
			isa = PBXNativeTarget;
			buildConfigurationList = B16F1B5827E6711A00AC1761 /* Build configuration list for PBXNativeTarget "Tests macOS" */;
			buildPhases = (
				B16F1B3B27E6711A00AC1761 /* Sources */,
				B16F1B3C27E6711A00AC1761 /* Frameworks */,
				B16F1B3D27E6711A00AC1761 /* Resources */,
			);
			buildRules = (
			);
			dependencies = (
				B16F1B4127E6711A00AC1761 /* PBXTargetDependency */,
			);
			name = "Tests macOS";
			productName = "Tests macOS";
			productReference = B16F1B3F27E6711A00AC1761 /* Tests macOS.xctest */;
			productType = "com.apple.product-type.bundle.ui-testing";
		};
/* End PBXNativeTarget section */

/* Begin PBXProject section */
		B16F1B1A27E6711500AC1761 /* Project object */ = {
			isa = PBXProject;
			attributes = {
				BuildIndependentTargetsInParallel = 1;
				LastSwiftUpdateCheck = 1320;
				LastUpgradeCheck = 1320;
				TargetAttributes = {
					B16F1B2527E6711A00AC1761 = {
						CreatedOnToolsVersion = 13.2.1;
					};
					B16F1B2B27E6711A00AC1761 = {
						CreatedOnToolsVersion = 13.2.1;
					};
					B16F1B3227E6711A00AC1761 = {
						CreatedOnToolsVersion = 13.2.1;
						TestTargetID = B16F1B2527E6711A00AC1761;
					};
					B16F1B3E27E6711A00AC1761 = {
						CreatedOnToolsVersion = 13.2.1;
						TestTargetID = B16F1B2B27E6711A00AC1761;
					};
				};
			};
			buildConfigurationList = B16F1B1D27E6711500AC1761 /* Build configuration list for PBXProject "Schrodinger_MatrixForm" */;
			compatibilityVersion = "Xcode 13.0";
			developmentRegion = en;
			hasScannedForEncodings = 0;
			knownRegions = (
				en,
				Base,
			);
			mainGroup = B16F1B1927E6711500AC1761;
			packageReferences = (
				B16F1B7F27E671DF00AC1761 /* XCRemoteSwiftPackageReference "core-plot" */,
			);
			productRefGroup = B16F1B2727E6711A00AC1761 /* Products */;
			projectDirPath = "";
			projectRoot = "";
			targets = (
				B16F1B2527E6711A00AC1761 /* Schrodinger_MatrixForm (iOS) */,
				B16F1B2B27E6711A00AC1761 /* Schrodinger_MatrixForm (macOS) */,
				B16F1B3227E6711A00AC1761 /* Tests iOS */,
				B16F1B3E27E6711A00AC1761 /* Tests macOS */,
			);
		};
/* End PBXProject section */

/* Begin PBXResourcesBuildPhase section */
		B16F1B2427E6711A00AC1761 /* Resources */ = {
			isa = PBXResourcesBuildPhase;
			buildActionMask = 2147483647;
			files = (
				B16F1B4B27E6711A00AC1761 /* Assets.xcassets in Resources */,
			);
			runOnlyForDeploymentPostprocessing = 0;
		};
		B16F1B2A27E6711A00AC1761 /* Resources */ = {
			isa = PBXResourcesBuildPhase;
			buildActionMask = 2147483647;
			files = (
				B16F1B4C27E6711A00AC1761 /* Assets.xcassets in Resources */,
			);
			runOnlyForDeploymentPostprocessing = 0;
		};
		B16F1B3127E6711A00AC1761 /* Resources */ = {
			isa = PBXResourcesBuildPhase;
			buildActionMask = 2147483647;
			files = (
			);
			runOnlyForDeploymentPostprocessing = 0;
		};
		B16F1B3D27E6711A00AC1761 /* Resources */ = {
			isa = PBXResourcesBuildPhase;
			buildActionMask = 2147483647;
			files = (
			);
			runOnlyForDeploymentPostprocessing = 0;
		};
/* End PBXResourcesBuildPhase section */

/* Begin PBXSourcesBuildPhase section */
		B16F1B2227E6711A00AC1761 /* Sources */ = {
			isa = PBXSourcesBuildPhase;
			buildActionMask = 2147483647;
			files = (
				B175FBAD27E7F2AD00795438 /* TextExportDocument.swift in Sources */,
				B175FBAA27E7F2A400795438 /* TextView.swift in Sources */,
				B175FBB027E7F2C400795438 /* CalculatePlotData.swift in Sources */,
				B175FBC827E7F33B00795438 /* CorePlot.swift in Sources */,
				B175FBC227E7F31D00795438 /* Shrodinger Equation.swift in Sources */,
				B175FBB927E7F2F500795438 /* InfiniteSquarePotential.swift in Sources */,
				B16F1B4727E6711A00AC1761 /* Schrodinger_MatrixFormApp.swift in Sources */,
				B175FBBF27E7F30800795438 /* operators.swift in Sources */,
				B175FBB627E7F2EA00795438 /* ContentView.swift in Sources */,
				B175FBC527E7F32C00795438 /* PlotDataClass.swift in Sources */,
				B175FBBC27E7F2FF00795438 /* MatrixCalculate.swift in Sources */,
				B175FBB327E7F2E000795438 /* ChangingPlotParameters.swift in Sources */,
			);
			runOnlyForDeploymentPostprocessing = 0;
		};
		B16F1B2827E6711A00AC1761 /* Sources */ = {
			isa = PBXSourcesBuildPhase;
			buildActionMask = 2147483647;
			files = (
				B175FBAE27E7F2AD00795438 /* TextExportDocument.swift in Sources */,
				B175FBAB27E7F2A400795438 /* TextView.swift in Sources */,
				B175FBB127E7F2C400795438 /* CalculatePlotData.swift in Sources */,
				B175FBC927E7F33B00795438 /* CorePlot.swift in Sources */,
				B175FBC327E7F31D00795438 /* Shrodinger Equation.swift in Sources */,
				B175FBBA27E7F2F500795438 /* InfiniteSquarePotential.swift in Sources */,
				B16F1B4827E6711A00AC1761 /* Schrodinger_MatrixFormApp.swift in Sources */,
				B175FBC027E7F30800795438 /* operators.swift in Sources */,
				B175FBB727E7F2EA00795438 /* ContentView.swift in Sources */,
				B175FBC627E7F32C00795438 /* PlotDataClass.swift in Sources */,
				B175FBBD27E7F2FF00795438 /* MatrixCalculate.swift in Sources */,
				B175FBB427E7F2E000795438 /* ChangingPlotParameters.swift in Sources */,
			);
			runOnlyForDeploymentPostprocessing = 0;
		};
		B16F1B2F27E6711A00AC1761 /* Sources */ = {
			isa = PBXSourcesBuildPhase;
			buildActionMask = 2147483647;
			files = (
				B16F1B3A27E6711A00AC1761 /* Tests_iOSLaunchTests.swift in Sources */,
				B16F1B3827E6711A00AC1761 /* Tests_iOS.swift in Sources */,
			);
			runOnlyForDeploymentPostprocessing = 0;
		};
		B16F1B3B27E6711A00AC1761 /* Sources */ = {
			isa = PBXSourcesBuildPhase;
			buildActionMask = 2147483647;
			files = (
				B16F1B4627E6711A00AC1761 /* Tests_macOSLaunchTests.swift in Sources */,
				B16F1B4427E6711A00AC1761 /* Tests_macOS.swift in Sources */,
			);
			runOnlyForDeploymentPostprocessing = 0;
		};
/* End PBXSourcesBuildPhase section */

/* Begin PBXTargetDependency section */
		B16F1B3527E6711A00AC1761 /* PBXTargetDependency */ = {
			isa = PBXTargetDependency;
			target = B16F1B2527E6711A00AC1761 /* Schrodinger_MatrixForm (iOS) */;
			targetProxy = B16F1B3427E6711A00AC1761 /* PBXContainerItemProxy */;
		};
		B16F1B4127E6711A00AC1761 /* PBXTargetDependency */ = {
			isa = PBXTargetDependency;
			target = B16F1B2B27E6711A00AC1761 /* Schrodinger_MatrixForm (macOS) */;
			targetProxy = B16F1B4027E6711A00AC1761 /* PBXContainerItemProxy */;
		};
/* End PBXTargetDependency section */

/* Begin XCBuildConfiguration section */
		B16F1B4D27E6711A00AC1761 /* Debug */ = {
			isa = XCBuildConfiguration;
			buildSettings = {
				ALWAYS_SEARCH_USER_PATHS = NO;
				CLANG_ANALYZER_NONNULL = YES;
				CLANG_ANALYZER_NUMBER_OBJECT_CONVERSION = YES_AGGRESSIVE;
				CLANG_CXX_LANGUAGE_STANDARD = "gnu++17";
				CLANG_CXX_LIBRARY = "libc++";
				CLANG_ENABLE_MODULES = YES;
				CLANG_ENABLE_OBJC_ARC = YES;
				CLANG_ENABLE_OBJC_WEAK = YES;
				CLANG_WARN_BLOCK_CAPTURE_AUTORELEASING = YES;
				CLANG_WARN_BOOL_CONVERSION = YES;
				CLANG_WARN_COMMA = YES;
				CLANG_WARN_CONSTANT_CONVERSION = YES;
				CLANG_WARN_DEPRECATED_OBJC_IMPLEMENTATIONS = YES;
				CLANG_WARN_DIRECT_OBJC_ISA_USAGE = YES_ERROR;
				CLANG_WARN_DOCUMENTATION_COMMENTS = YES;
				CLANG_WARN_EMPTY_BODY = YES;
				CLANG_WARN_ENUM_CONVERSION = YES;
				CLANG_WARN_INFINITE_RECURSION = YES;
				CLANG_WARN_INT_CONVERSION = YES;
				CLANG_WARN_NON_LITERAL_NULL_CONVERSION = YES;
				CLANG_WARN_OBJC_IMPLICIT_RETAIN_SELF = YES;
				CLANG_WARN_OBJC_LITERAL_CONVERSION = YES;
				CLANG_WARN_OBJC_ROOT_CLASS = YES_ERROR;
				CLANG_WARN_QUOTED_INCLUDE_IN_FRAMEWORK_HEADER = YES;
				CLANG_WARN_RANGE_LOOP_ANALYSIS = YES;
				CLANG_WARN_STRICT_PROTOTYPES = YES;
				CLANG_WARN_SUSPICIOUS_MOVE = YES;
				CLANG_WARN_UNGUARDED_AVAILABILITY = YES_AGGRESSIVE;
				CLANG_WARN_UNREACHABLE_CODE = YES;
				CLANG_WARN__DUPLICATE_METHOD_MATCH = YES;
				COPY_PHASE_STRIP = NO;
				DEBUG_INFORMATION_FORMAT = dwarf;
				ENABLE_STRICT_OBJC_MSGSEND = YES;
				ENABLE_TESTABILITY = YES;
				GCC_C_LANGUAGE_STANDARD = gnu11;
				GCC_DYNAMIC_NO_PIC = NO;
				GCC_NO_COMMON_BLOCKS = YES;
				GCC_OPTIMIZATION_LEVEL = 0;
				GCC_PREPROCESSOR_DEFINITIONS = (
					"DEBUG=1",
					"$(inherited)",
				);
				GCC_WARN_64_TO_32_BIT_CONVERSION = YES;
				GCC_WARN_ABOUT_RETURN_TYPE = YES_ERROR;
				GCC_WARN_UNDECLARED_SELECTOR = YES;
				GCC_WARN_UNINITIALIZED_AUTOS = YES_AGGRESSIVE;
				GCC_WARN_UNUSED_FUNCTION = YES;
				GCC_WARN_UNUSED_VARIABLE = YES;
				MTL_ENABLE_DEBUG_INFO = INCLUDE_SOURCE;
				MTL_FAST_MATH = YES;
				ONLY_ACTIVE_ARCH = YES;
				SWIFT_ACTIVE_COMPILATION_CONDITIONS = DEBUG;
				SWIFT_OPTIMIZATION_LEVEL = "-Onone";
			};
			name = Debug;
		};
		B16F1B4E27E6711A00AC1761 /* Release */ = {
			isa = XCBuildConfiguration;
			buildSettings = {
				ALWAYS_SEARCH_USER_PATHS = NO;
				CLANG_ANALYZER_NONNULL = YES;
				CLANG_ANALYZER_NUMBER_OBJECT_CONVERSION = YES_AGGRESSIVE;
				CLANG_CXX_LANGUAGE_STANDARD = "gnu++17";
				CLANG_CXX_LIBRARY = "libc++";
				CLANG_ENABLE_MODULES = YES;
				CLANG_ENABLE_OBJC_ARC = YES;
				CLANG_ENABLE_OBJC_WEAK = YES;
				CLANG_WARN_BLOCK_CAPTURE_AUTORELEASING = YES;
				CLANG_WARN_BOOL_CONVERSION = YES;
				CLANG_WARN_COMMA = YES;
				CLANG_WARN_CONSTANT_CONVERSION = YES;
				CLANG_WARN_DEPRECATED_OBJC_IMPLEMENTATIONS = YES;
				CLANG_WARN_DIRECT_OBJC_ISA_USAGE = YES_ERROR;
				CLANG_WARN_DOCUMENTATION_COMMENTS = YES;
				CLANG_WARN_EMPTY_BODY = YES;
				CLANG_WARN_ENUM_CONVERSION = YES;
				CLANG_WARN_INFINITE_RECURSION = YES;
				CLANG_WARN_INT_CONVERSION = YES;
				CLANG_WARN_NON_LITERAL_NULL_CONVERSION = YES;
				CLANG_WARN_OBJC_IMPLICIT_RETAIN_SELF = YES;
				CLANG_WARN_OBJC_LITERAL_CONVERSION = YES;
				CLANG_WARN_OBJC_ROOT_CLASS = YES_ERROR;
				CLANG_WARN_QUOTED_INCLUDE_IN_FRAMEWORK_HEADER = YES;
				CLANG_WARN_RANGE_LOOP_ANALYSIS = YES;
				CLANG_WARN_STRICT_PROTOTYPES = YES;
				CLANG_WARN_SUSPICIOUS_MOVE = YES;
				CLANG_WARN_UNGUARDED_AVAILABILITY = YES_AGGRESSIVE;
				CLANG_WARN_UNREACHABLE_CODE = YES;
				CLANG_WARN__DUPLICATE_METHOD_MATCH = YES;
				COPY_PHASE_STRIP = NO;
				DEBUG_INFORMATION_FORMAT = "dwarf-with-dsym";
				ENABLE_NS_ASSERTIONS = NO;
				ENABLE_STRICT_OBJC_MSGSEND = YES;
				GCC_C_LANGUAGE_STANDARD = gnu11;
				GCC_NO_COMMON_BLOCKS = YES;
				GCC_WARN_64_TO_32_BIT_CONVERSION = YES;
				GCC_WARN_ABOUT_RETURN_TYPE = YES_ERROR;
				GCC_WARN_UNDECLARED_SELECTOR = YES;
				GCC_WARN_UNINITIALIZED_AUTOS = YES_AGGRESSIVE;
				GCC_WARN_UNUSED_FUNCTION = YES;
				GCC_WARN_UNUSED_VARIABLE = YES;
				MTL_ENABLE_DEBUG_INFO = NO;
				MTL_FAST_MATH = YES;
				SWIFT_COMPILATION_MODE = wholemodule;
				SWIFT_OPTIMIZATION_LEVEL = "-O";
			};
			name = Release;
		};
		B16F1B5027E6711A00AC1761 /* Debug */ = {
			isa = XCBuildConfiguration;
			buildSettings = {
				ASSETCATALOG_COMPILER_APPICON_NAME = AppIcon;
				ASSETCATALOG_COMPILER_GLOBAL_ACCENT_COLOR_NAME = AccentColor;
				CODE_SIGN_STYLE = Automatic;
				CURRENT_PROJECT_VERSION = 1;
				ENABLE_PREVIEWS = YES;
				GENERATE_INFOPLIST_FILE = YES;
				INFOPLIST_KEY_UIApplicationSceneManifest_Generation = YES;
				INFOPLIST_KEY_UIApplicationSupportsIndirectInputEvents = YES;
				INFOPLIST_KEY_UILaunchScreen_Generation = YES;
				INFOPLIST_KEY_UISupportedInterfaceOrientations_iPad = "UIInterfaceOrientationPortrait UIInterfaceOrientationPortraitUpsideDown UIInterfaceOrientationLandscapeLeft UIInterfaceOrientationLandscapeRight";
				INFOPLIST_KEY_UISupportedInterfaceOrientations_iPhone = "UIInterfaceOrientationPortrait UIInterfaceOrientationLandscapeLeft UIInterfaceOrientationLandscapeRight";
				IPHONEOS_DEPLOYMENT_TARGET = 15.2;
				LD_RUNPATH_SEARCH_PATHS = (
					"$(inherited)",
					"@executable_path/Frameworks",
				);
				MARKETING_VERSION = 1.0;
				PRODUCT_BUNDLE_IDENTIFIER = "IIT.Schrodinger-MatrixForm";
				PRODUCT_NAME = Schrodinger_MatrixForm;
				SDKROOT = iphoneos;
				SWIFT_EMIT_LOC_STRINGS = YES;
				SWIFT_VERSION = 5.0;
				TARGETED_DEVICE_FAMILY = "1,2";
			};
			name = Debug;
		};
		B16F1B5127E6711A00AC1761 /* Release */ = {
			isa = XCBuildConfiguration;
			buildSettings = {
				ASSETCATALOG_COMPILER_APPICON_NAME = AppIcon;
				ASSETCATALOG_COMPILER_GLOBAL_ACCENT_COLOR_NAME = AccentColor;
				CODE_SIGN_STYLE = Automatic;
				CURRENT_PROJECT_VERSION = 1;
				ENABLE_PREVIEWS = YES;
				GENERATE_INFOPLIST_FILE = YES;
				INFOPLIST_KEY_UIApplicationSceneManifest_Generation = YES;
				INFOPLIST_KEY_UIApplicationSupportsIndirectInputEvents = YES;
				INFOPLIST_KEY_UILaunchScreen_Generation = YES;
				INFOPLIST_KEY_UISupportedInterfaceOrientations_iPad = "UIInterfaceOrientationPortrait UIInterfaceOrientationPortraitUpsideDown UIInterfaceOrientationLandscapeLeft UIInterfaceOrientationLandscapeRight";
				INFOPLIST_KEY_UISupportedInterfaceOrientations_iPhone = "UIInterfaceOrientationPortrait UIInterfaceOrientationLandscapeLeft UIInterfaceOrientationLandscapeRight";
				IPHONEOS_DEPLOYMENT_TARGET = 15.2;
				LD_RUNPATH_SEARCH_PATHS = (
					"$(inherited)",
					"@executable_path/Frameworks",
				);
				MARKETING_VERSION = 1.0;
				PRODUCT_BUNDLE_IDENTIFIER = "IIT.Schrodinger-MatrixForm";
				PRODUCT_NAME = Schrodinger_MatrixForm;
				SDKROOT = iphoneos;
				SWIFT_EMIT_LOC_STRINGS = YES;
				SWIFT_VERSION = 5.0;
				TARGETED_DEVICE_FAMILY = "1,2";
				VALIDATE_PRODUCT = YES;
			};
			name = Release;
		};
		B16F1B5327E6711A00AC1761 /* Debug */ = {
			isa = XCBuildConfiguration;
			buildSettings = {
				ASSETCATALOG_COMPILER_APPICON_NAME = AppIcon;
				ASSETCATALOG_COMPILER_GLOBAL_ACCENT_COLOR_NAME = AccentColor;
				CODE_SIGN_ENTITLEMENTS = macOS/macOS.entitlements;
				CODE_SIGN_STYLE = Automatic;
				COMBINE_HIDPI_IMAGES = YES;
				CURRENT_PROJECT_VERSION = 1;
				ENABLE_PREVIEWS = YES;
				GENERATE_INFOPLIST_FILE = YES;
				INFOPLIST_KEY_NSHumanReadableCopyright = "";
				LD_RUNPATH_SEARCH_PATHS = (
					"$(inherited)",
					"@executable_path/../Frameworks",
				);
				MACOSX_DEPLOYMENT_TARGET = 12.1;
				MARKETING_VERSION = 1.0;
				PRODUCT_BUNDLE_IDENTIFIER = "IIT.Schrodinger-MatrixForm";
				PRODUCT_NAME = Schrodinger_MatrixForm;
				SDKROOT = macosx;
				SWIFT_EMIT_LOC_STRINGS = YES;
				SWIFT_VERSION = 5.0;
			};
			name = Debug;
		};
		B16F1B5427E6711A00AC1761 /* Release */ = {
			isa = XCBuildConfiguration;
			buildSettings = {
				ASSETCATALOG_COMPILER_APPICON_NAME = AppIcon;
				ASSETCATALOG_COMPILER_GLOBAL_ACCENT_COLOR_NAME = AccentColor;
				CODE_SIGN_ENTITLEMENTS = macOS/macOS.entitlements;
				CODE_SIGN_STYLE = Automatic;
				COMBINE_HIDPI_IMAGES = YES;
				CURRENT_PROJECT_VERSION = 1;
				ENABLE_PREVIEWS = YES;
				GENERATE_INFOPLIST_FILE = YES;
				INFOPLIST_KEY_NSHumanReadableCopyright = "";
				LD_RUNPATH_SEARCH_PATHS = (
					"$(inherited)",
					"@executable_path/../Frameworks",
				);
				MACOSX_DEPLOYMENT_TARGET = 12.1;
				MARKETING_VERSION = 1.0;
				PRODUCT_BUNDLE_IDENTIFIER = "IIT.Schrodinger-MatrixForm";
				PRODUCT_NAME = Schrodinger_MatrixForm;
				SDKROOT = macosx;
				SWIFT_EMIT_LOC_STRINGS = YES;
				SWIFT_VERSION = 5.0;
			};
			name = Release;
		};
		B16F1B5627E6711A00AC1761 /* Debug */ = {
			isa = XCBuildConfiguration;
			buildSettings = {
				ALWAYS_EMBED_SWIFT_STANDARD_LIBRARIES = YES;
				CODE_SIGN_STYLE = Automatic;
				CURRENT_PROJECT_VERSION = 1;
				GENERATE_INFOPLIST_FILE = YES;
				IPHONEOS_DEPLOYMENT_TARGET = 15.2;
				MARKETING_VERSION = 1.0;
				PRODUCT_BUNDLE_IDENTIFIER = "IIT.Tests-iOS";
				PRODUCT_NAME = "$(TARGET_NAME)";
				SDKROOT = iphoneos;
				SWIFT_EMIT_LOC_STRINGS = NO;
				SWIFT_VERSION = 5.0;
				TARGETED_DEVICE_FAMILY = "1,2";
				TEST_TARGET_NAME = "Schrodinger_MatrixForm (iOS)";
			};
			name = Debug;
		};
		B16F1B5727E6711A00AC1761 /* Release */ = {
			isa = XCBuildConfiguration;
			buildSettings = {
				ALWAYS_EMBED_SWIFT_STANDARD_LIBRARIES = YES;
				CODE_SIGN_STYLE = Automatic;
				CURRENT_PROJECT_VERSION = 1;
				GENERATE_INFOPLIST_FILE = YES;
				IPHONEOS_DEPLOYMENT_TARGET = 15.2;
				MARKETING_VERSION = 1.0;
				PRODUCT_BUNDLE_IDENTIFIER = "IIT.Tests-iOS";
				PRODUCT_NAME = "$(TARGET_NAME)";
				SDKROOT = iphoneos;
				SWIFT_EMIT_LOC_STRINGS = NO;
				SWIFT_VERSION = 5.0;
				TARGETED_DEVICE_FAMILY = "1,2";
				TEST_TARGET_NAME = "Schrodinger_MatrixForm (iOS)";
				VALIDATE_PRODUCT = YES;
			};
			name = Release;
		};
		B16F1B5927E6711A00AC1761 /* Debug */ = {
			isa = XCBuildConfiguration;
			buildSettings = {
				ALWAYS_EMBED_SWIFT_STANDARD_LIBRARIES = YES;
				CODE_SIGN_STYLE = Automatic;
				CURRENT_PROJECT_VERSION = 1;
				GENERATE_INFOPLIST_FILE = YES;
				MACOSX_DEPLOYMENT_TARGET = 12.1;
				MARKETING_VERSION = 1.0;
				PRODUCT_BUNDLE_IDENTIFIER = "IIT.Tests-macOS";
				PRODUCT_NAME = "$(TARGET_NAME)";
				SDKROOT = macosx;
				SWIFT_EMIT_LOC_STRINGS = NO;
				SWIFT_VERSION = 5.0;
				TEST_TARGET_NAME = "Schrodinger_MatrixForm (macOS)";
			};
			name = Debug;
		};
		B16F1B5A27E6711A00AC1761 /* Release */ = {
			isa = XCBuildConfiguration;
			buildSettings = {
				ALWAYS_EMBED_SWIFT_STANDARD_LIBRARIES = YES;
				CODE_SIGN_STYLE = Automatic;
				CURRENT_PROJECT_VERSION = 1;
				GENERATE_INFOPLIST_FILE = YES;
				MACOSX_DEPLOYMENT_TARGET = 12.1;
				MARKETING_VERSION = 1.0;
				PRODUCT_BUNDLE_IDENTIFIER = "IIT.Tests-macOS";
				PRODUCT_NAME = "$(TARGET_NAME)";
				SDKROOT = macosx;
				SWIFT_EMIT_LOC_STRINGS = NO;
				SWIFT_VERSION = 5.0;
				TEST_TARGET_NAME = "Schrodinger_MatrixForm (macOS)";
			};
			name = Release;
		};
/* End XCBuildConfiguration section */

/* Begin XCConfigurationList section */
		B16F1B1D27E6711500AC1761 /* Build configuration list for PBXProject "Schrodinger_MatrixForm" */ = {
			isa = XCConfigurationList;
			buildConfigurations = (
				B16F1B4D27E6711A00AC1761 /* Debug */,
				B16F1B4E27E6711A00AC1761 /* Release */,
			);
			defaultConfigurationIsVisible = 0;
			defaultConfigurationName = Release;
		};
		B16F1B4F27E6711A00AC1761 /* Build configuration list for PBXNativeTarget "Schrodinger_MatrixForm (iOS)" */ = {
			isa = XCConfigurationList;
			buildConfigurations = (
				B16F1B5027E6711A00AC1761 /* Debug */,
				B16F1B5127E6711A00AC1761 /* Release */,
			);
			defaultConfigurationIsVisible = 0;
			defaultConfigurationName = Release;
		};
		B16F1B5227E6711A00AC1761 /* Build configuration list for PBXNativeTarget "Schrodinger_MatrixForm (macOS)" */ = {
			isa = XCConfigurationList;
			buildConfigurations = (
				B16F1B5327E6711A00AC1761 /* Debug */,
				B16F1B5427E6711A00AC1761 /* Release */,
			);
			defaultConfigurationIsVisible = 0;
			defaultConfigurationName = Release;
		};
		B16F1B5527E6711A00AC1761 /* Build configuration list for PBXNativeTarget "Tests iOS" */ = {
			isa = XCConfigurationList;
			buildConfigurations = (
				B16F1B5627E6711A00AC1761 /* Debug */,
				B16F1B5727E6711A00AC1761 /* Release */,
			);
			defaultConfigurationIsVisible = 0;
			defaultConfigurationName = Release;
		};
		B16F1B5827E6711A00AC1761 /* Build configuration list for PBXNativeTarget "Tests macOS" */ = {
			isa = XCConfigurationList;
			buildConfigurations = (
				B16F1B5927E6711A00AC1761 /* Debug */,
				B16F1B5A27E6711A00AC1761 /* Release */,
			);
			defaultConfigurationIsVisible = 0;
			defaultConfigurationName = Release;
		};
/* End XCConfigurationList section */

/* Begin XCRemoteSwiftPackageReference section */
		B16F1B7F27E671DF00AC1761 /* XCRemoteSwiftPackageReference "core-plot" */ = {
			isa = XCRemoteSwiftPackageReference;
			repositoryURL = "https://github.com/core-plot/core-plot";
			requirement = {
				branch = "release-2.4";
				kind = branch;
			};
		};
/* End XCRemoteSwiftPackageReference section */

/* Begin XCSwiftPackageProductDependency section */
		B16F1B8027E671DF00AC1761 /* CorePlot */ = {
			isa = XCSwiftPackageProductDependency;
			package = B16F1B7F27E671DF00AC1761 /* XCRemoteSwiftPackageReference "core-plot" */;
			productName = CorePlot;
		};
		B16F1B8327E6720A00AC1761 /* CorePlot */ = {
			isa = XCSwiftPackageProductDependency;
			package = B16F1B7F27E671DF00AC1761 /* XCRemoteSwiftPackageReference "core-plot" */;
			productName = CorePlot;
		};
/* End XCSwiftPackageProductDependency section */
	};
	rootObject = B16F1B1A27E6711500AC1761 /* Project object */;
}
